
Microsoft Visual Studio Solution File, Format Version 12.00
# Visual Studio 2013
VisualStudioVersion = 12.0.40629.0
MinimumVisualStudioVersion = 10.0.40219.1
Project("{FAE04EC0-301F-11D3-BF4B-00C04F79EFBC}") = "CanvasScriptServer", "CanvasScriptServer\CanvasScriptServer.csproj", "{32238892-7E2B-465A-8242-51C1590FB748}"
EndProject
Project("{FAE04EC0-301F-11D3-BF4B-00C04F79EFBC}") = "CanvasScriptServer.Mocks", "CanvasScriptServer.Mocks\CanvasScriptServer.Mocks.csproj", "{CC1769BB-46E4-45F2-BB90-CB4B838052AA}"
EndProject
Project("{FAE04EC0-301F-11D3-BF4B-00C04F79EFBC}") = "CanvasScriptServer.MVC", "CanvasScriptServer.MVC\CanvasScriptServer.MVC.csproj", "{45853B68-48C1-4968-9BAC-49A963361F90}"
EndProject
Project("{FAE04EC0-301F-11D3-BF4B-00C04F79EFBC}") = "CanvasScriptServer.MVC.Tests", "CanvasScriptServer.MVC.Tests\CanvasScriptServer.MVC.Tests.csproj", "{5E1579B6-F1CC-44DD-9D15-3B7E7FACE0DC}"
EndProject
Project("{FAE04EC0-301F-11D3-BF4B-00C04F79EFBC}") = "CanvasScriptServerDI.Test", "CanvasScriptServerDI.Test\CanvasScriptServerDI.Test.csproj", "{2F380D0E-4F21-45AC-B9C8-3A6113CF4CD1}"
EndProject
Project("{FAE04EC0-301F-11D3-BF4B-00C04F79EFBC}") = "CrossCuttingConcerns", "CrossCuttingConcerns\CrossCuttingConcerns.csproj", "{8843A469-D637-473F-BD6F-3B2035FBC973}"
EndProject
Project("{FAE04EC0-301F-11D3-BF4B-00C04F79EFBC}") = "CrossCuttingConcerns.Test", "CrossCuttingConcerns.Test\CrossCuttingConcerns.Test.csproj", "{7A3F2A3F-9BFD-4ECD-A9F5-625163AEED47}"
EndProject
Project("{F184B08F-C81C-45F6-A57F-5ABD9991F28F}") = "VB.Threads.AsyncWithDelegates", "VB.Threads.AsyncWithDelegates\VB.Threads.AsyncWithDelegates.vbproj", "{BAE7A3F7-982E-4A5D-BDC0-764B3DBBC6AC}"
EndProject
Project("{F184B08F-C81C-45F6-A57F-5ABD9991F28F}") = "VB.Threads.NET45.AsyncAwait", "VB.Threads.NET45.AsyncAwait\VB.Threads.NET45.AsyncAwait.vbproj", "{4D1FFF60-7487-4C90-8E3B-D0EE1CA03707}"
EndProject
Project("{F184B08F-C81C-45F6-A57F-5ABD9991F28F}") = "VB.Threads.Tasks", "VB.Threads.Tasks\VB.Threads.Tasks.vbproj", "{02FB229C-FB5B-4F4A-8746-84A3D2B57D0A}"
EndProject
Project("{F184B08F-C81C-45F6-A57F-5ABD9991F28F}") = "mkoAlgorithm", "mkoAlgorithm\mkoAlgorithm.vbproj", "{F01CC5DE-FAD1-4EB4-A72B-36AB4F31F363}"
EndProject
Project("{F184B08F-C81C-45F6-A57F-5ABD9991F28F}") = "VB.OO.Klassenlib", "VB.OO.Klassenlib\VB.OO.Klassenlib.vbproj", "{9E55D93E-809C-4F95-A85C-7D29BD06499C}"
EndProject
Project("{FAE04EC0-301F-11D3-BF4B-00C04F79EFBC}") = "CanvasScriptServer.DB", "CanvasScriptServer.DB\CanvasScriptServer.DB.csproj", "{D71D0BF2-3119-4EEC-80D6-62859DCB9920}"
EndProject
Project("{FAE04EC0-301F-11D3-BF4B-00C04F79EFBC}") = "CanvasScriptServer.DB.Test", "CanvasScriptServer.DB.Test\CanvasScriptServer.DB.Test.csproj", "{3B3DA9C1-3B9C-43B3-B21C-179F0D8CA4D8}"
EndProject
Project("{FAE04EC0-301F-11D3-BF4B-00C04F79EFBC}") = "CanvasScriptServer.Mocks.Test", "CanvasScriptServer.Mocks.Test\CanvasScriptServer.Mocks.Test.csproj", "{D9F61F29-FB3B-4ECE-AA94-1B71AA2419FA}"
EndProject
Project("{FAE04EC0-301F-11D3-BF4B-00C04F79EFBC}") = "NewAspIdentity", "NewAspIdentity\NewAspIdentity.csproj", "{128DF607-268B-44FC-9CB4-A294AB7FFCD2}"
EndProject
Global
	GlobalSection(SolutionConfigurationPlatforms) = preSolution
		Debug|Any CPU = Debug|Any CPU
		Debug|Mixed Platforms = Debug|Mixed Platforms
		Debug|x86 = Debug|x86
		Individual|Any CPU = Individual|Any CPU
		Individual|Mixed Platforms = Individual|Mixed Platforms
		Individual|x86 = Individual|x86
		Realease_mit_Trace|Any CPU = Realease_mit_Trace|Any CPU
		Realease_mit_Trace|Mixed Platforms = Realease_mit_Trace|Mixed Platforms
		Realease_mit_Trace|x86 = Realease_mit_Trace|x86
		Release|Any CPU = Release|Any CPU
		Release|Mixed Platforms = Release|Mixed Platforms
		Release|x86 = Release|x86
		SiemensKonfig|Any CPU = SiemensKonfig|Any CPU
		SiemensKonfig|Mixed Platforms = SiemensKonfig|Mixed Platforms
		SiemensKonfig|x86 = SiemensKonfig|x86
		unsere eigene konfiguration|Any CPU = unsere eigene konfiguration|Any CPU
		unsere eigene konfiguration|Mixed Platforms = unsere eigene konfiguration|Mixed Platforms
		unsere eigene konfiguration|x86 = unsere eigene konfiguration|x86
	EndGlobalSection
	GlobalSection(ProjectConfigurationPlatforms) = postSolution
		{32238892-7E2B-465A-8242-51C1590FB748}.Debug|Any CPU.ActiveCfg = Debug|Any CPU
		{32238892-7E2B-465A-8242-51C1590FB748}.Debug|Any CPU.Build.0 = Debug|Any CPU
		{32238892-7E2B-465A-8242-51C1590FB748}.Debug|Mixed Platforms.ActiveCfg = Debug|Any CPU
		{32238892-7E2B-465A-8242-51C1590FB748}.Debug|Mixed Platforms.Build.0 = Debug|Any CPU
		{32238892-7E2B-465A-8242-51C1590FB748}.Debug|x86.ActiveCfg = Debug|Any CPU
		{32238892-7E2B-465A-8242-51C1590FB748}.Individual|Any CPU.ActiveCfg = Release|Any CPU
		{32238892-7E2B-465A-8242-51C1590FB748}.Individual|Any CPU.Build.0 = Release|Any CPU
		{32238892-7E2B-465A-8242-51C1590FB748}.Individual|Mixed Platforms.ActiveCfg = Release|Any CPU
		{32238892-7E2B-465A-8242-51C1590FB748}.Individual|Mixed Platforms.Build.0 = Release|Any CPU
		{32238892-7E2B-465A-8242-51C1590FB748}.Individual|x86.ActiveCfg = Release|Any CPU
		{32238892-7E2B-465A-8242-51C1590FB748}.Realease_mit_Trace|Any CPU.ActiveCfg = Release|Any CPU
		{32238892-7E2B-465A-8242-51C1590FB748}.Realease_mit_Trace|Any CPU.Build.0 = Release|Any CPU
		{32238892-7E2B-465A-8242-51C1590FB748}.Realease_mit_Trace|Mixed Platforms.ActiveCfg = Release|Any CPU
		{32238892-7E2B-465A-8242-51C1590FB748}.Realease_mit_Trace|Mixed Platforms.Build.0 = Release|Any CPU
		{32238892-7E2B-465A-8242-51C1590FB748}.Realease_mit_Trace|x86.ActiveCfg = Release|Any CPU
		{32238892-7E2B-465A-8242-51C1590FB748}.Release|Any CPU.ActiveCfg = Release|Any CPU
		{32238892-7E2B-465A-8242-51C1590FB748}.Release|Any CPU.Build.0 = Release|Any CPU
		{32238892-7E2B-465A-8242-51C1590FB748}.Release|Mixed Platforms.ActiveCfg = Release|Any CPU
		{32238892-7E2B-465A-8242-51C1590FB748}.Release|Mixed Platforms.Build.0 = Release|Any CPU
		{32238892-7E2B-465A-8242-51C1590FB748}.Release|x86.ActiveCfg = Release|Any CPU
		{32238892-7E2B-465A-8242-51C1590FB748}.SiemensKonfig|Any CPU.ActiveCfg = Release|Any CPU
		{32238892-7E2B-465A-8242-51C1590FB748}.SiemensKonfig|Any CPU.Build.0 = Release|Any CPU
		{32238892-7E2B-465A-8242-51C1590FB748}.SiemensKonfig|Mixed Platforms.ActiveCfg = Release|Any CPU
		{32238892-7E2B-465A-8242-51C1590FB748}.SiemensKonfig|Mixed Platforms.Build.0 = Release|Any CPU
		{32238892-7E2B-465A-8242-51C1590FB748}.SiemensKonfig|x86.ActiveCfg = Release|Any CPU
		{32238892-7E2B-465A-8242-51C1590FB748}.unsere eigene konfiguration|Any CPU.ActiveCfg = Release|Any CPU
		{32238892-7E2B-465A-8242-51C1590FB748}.unsere eigene konfiguration|Any CPU.Build.0 = Release|Any CPU
		{32238892-7E2B-465A-8242-51C1590FB748}.unsere eigene konfiguration|Mixed Platforms.ActiveCfg = Release|Any CPU
		{32238892-7E2B-465A-8242-51C1590FB748}.unsere eigene konfiguration|Mixed Platforms.Build.0 = Release|Any CPU
		{32238892-7E2B-465A-8242-51C1590FB748}.unsere eigene konfiguration|x86.ActiveCfg = Release|Any CPU
		{CC1769BB-46E4-45F2-BB90-CB4B838052AA}.Debug|Any CPU.ActiveCfg = Debug|Any CPU
		{CC1769BB-46E4-45F2-BB90-CB4B838052AA}.Debug|Any CPU.Build.0 = Debug|Any CPU
		{CC1769BB-46E4-45F2-BB90-CB4B838052AA}.Debug|Mixed Platforms.ActiveCfg = Debug|Any CPU
		{CC1769BB-46E4-45F2-BB90-CB4B838052AA}.Debug|Mixed Platforms.Build.0 = Debug|Any CPU
		{CC1769BB-46E4-45F2-BB90-CB4B838052AA}.Debug|x86.ActiveCfg = Debug|Any CPU
		{CC1769BB-46E4-45F2-BB90-CB4B838052AA}.Individual|Any CPU.ActiveCfg = Release|Any CPU
		{CC1769BB-46E4-45F2-BB90-CB4B838052AA}.Individual|Any CPU.Build.0 = Release|Any CPU
		{CC1769BB-46E4-45F2-BB90-CB4B838052AA}.Individual|Mixed Platforms.ActiveCfg = Release|Any CPU
		{CC1769BB-46E4-45F2-BB90-CB4B838052AA}.Individual|Mixed Platforms.Build.0 = Release|Any CPU
		{CC1769BB-46E4-45F2-BB90-CB4B838052AA}.Individual|x86.ActiveCfg = Release|Any CPU
		{CC1769BB-46E4-45F2-BB90-CB4B838052AA}.Realease_mit_Trace|Any CPU.ActiveCfg = Release|Any CPU
		{CC1769BB-46E4-45F2-BB90-CB4B838052AA}.Realease_mit_Trace|Any CPU.Build.0 = Release|Any CPU
		{CC1769BB-46E4-45F2-BB90-CB4B838052AA}.Realease_mit_Trace|Mixed Platforms.ActiveCfg = Release|Any CPU
		{CC1769BB-46E4-45F2-BB90-CB4B838052AA}.Realease_mit_Trace|Mixed Platforms.Build.0 = Release|Any CPU
		{CC1769BB-46E4-45F2-BB90-CB4B838052AA}.Realease_mit_Trace|x86.ActiveCfg = Release|Any CPU
		{CC1769BB-46E4-45F2-BB90-CB4B838052AA}.Release|Any CPU.ActiveCfg = Release|Any CPU
		{CC1769BB-46E4-45F2-BB90-CB4B838052AA}.Release|Any CPU.Build.0 = Release|Any CPU
		{CC1769BB-46E4-45F2-BB90-CB4B838052AA}.Release|Mixed Platforms.ActiveCfg = Release|Any CPU
		{CC1769BB-46E4-45F2-BB90-CB4B838052AA}.Release|Mixed Platforms.Build.0 = Release|Any CPU
		{CC1769BB-46E4-45F2-BB90-CB4B838052AA}.Release|x86.ActiveCfg = Release|Any CPU
		{CC1769BB-46E4-45F2-BB90-CB4B838052AA}.SiemensKonfig|Any CPU.ActiveCfg = Release|Any CPU
		{CC1769BB-46E4-45F2-BB90-CB4B838052AA}.SiemensKonfig|Any CPU.Build.0 = Release|Any CPU
		{CC1769BB-46E4-45F2-BB90-CB4B838052AA}.SiemensKonfig|Mixed Platforms.ActiveCfg = Release|Any CPU
		{CC1769BB-46E4-45F2-BB90-CB4B838052AA}.SiemensKonfig|Mixed Platforms.Build.0 = Release|Any CPU
		{CC1769BB-46E4-45F2-BB90-CB4B838052AA}.SiemensKonfig|x86.ActiveCfg = Release|Any CPU
		{CC1769BB-46E4-45F2-BB90-CB4B838052AA}.unsere eigene konfiguration|Any CPU.ActiveCfg = Release|Any CPU
		{CC1769BB-46E4-45F2-BB90-CB4B838052AA}.unsere eigene konfiguration|Any CPU.Build.0 = Release|Any CPU
		{CC1769BB-46E4-45F2-BB90-CB4B838052AA}.unsere eigene konfiguration|Mixed Platforms.ActiveCfg = Release|Any CPU
		{CC1769BB-46E4-45F2-BB90-CB4B838052AA}.unsere eigene konfiguration|Mixed Platforms.Build.0 = Release|Any CPU
		{CC1769BB-46E4-45F2-BB90-CB4B838052AA}.unsere eigene konfiguration|x86.ActiveCfg = Release|Any CPU
		{45853B68-48C1-4968-9BAC-49A963361F90}.Debug|Any CPU.ActiveCfg = Debug|Any CPU
		{45853B68-48C1-4968-9BAC-49A963361F90}.Debug|Any CPU.Build.0 = Debug|Any CPU
		{45853B68-48C1-4968-9BAC-49A963361F90}.Debug|Mixed Platforms.ActiveCfg = Debug|Any CPU
		{45853B68-48C1-4968-9BAC-49A963361F90}.Debug|Mixed Platforms.Build.0 = Debug|Any CPU
		{45853B68-48C1-4968-9BAC-49A963361F90}.Debug|x86.ActiveCfg = Debug|Any CPU
		{45853B68-48C1-4968-9BAC-49A963361F90}.Individual|Any CPU.ActiveCfg = Release|Any CPU
		{45853B68-48C1-4968-9BAC-49A963361F90}.Individual|Any CPU.Build.0 = Release|Any CPU
		{45853B68-48C1-4968-9BAC-49A963361F90}.Individual|Mixed Platforms.ActiveCfg = Release|Any CPU
		{45853B68-48C1-4968-9BAC-49A963361F90}.Individual|Mixed Platforms.Build.0 = Release|Any CPU
		{45853B68-48C1-4968-9BAC-49A963361F90}.Individual|x86.ActiveCfg = Release|Any CPU
		{45853B68-48C1-4968-9BAC-49A963361F90}.Realease_mit_Trace|Any CPU.ActiveCfg = Release|Any CPU
		{45853B68-48C1-4968-9BAC-49A963361F90}.Realease_mit_Trace|Any CPU.Build.0 = Release|Any CPU
		{45853B68-48C1-4968-9BAC-49A963361F90}.Realease_mit_Trace|Mixed Platforms.ActiveCfg = Release|Any CPU
		{45853B68-48C1-4968-9BAC-49A963361F90}.Realease_mit_Trace|Mixed Platforms.Build.0 = Release|Any CPU
		{45853B68-48C1-4968-9BAC-49A963361F90}.Realease_mit_Trace|x86.ActiveCfg = Release|Any CPU
		{45853B68-48C1-4968-9BAC-49A963361F90}.Release|Any CPU.ActiveCfg = Release|Any CPU
		{45853B68-48C1-4968-9BAC-49A963361F90}.Release|Any CPU.Build.0 = Release|Any CPU
		{45853B68-48C1-4968-9BAC-49A963361F90}.Release|Mixed Platforms.ActiveCfg = Release|Any CPU
		{45853B68-48C1-4968-9BAC-49A963361F90}.Release|Mixed Platforms.Build.0 = Release|Any CPU
		{45853B68-48C1-4968-9BAC-49A963361F90}.Release|x86.ActiveCfg = Release|Any CPU
		{45853B68-48C1-4968-9BAC-49A963361F90}.SiemensKonfig|Any CPU.ActiveCfg = Release|Any CPU
		{45853B68-48C1-4968-9BAC-49A963361F90}.SiemensKonfig|Any CPU.Build.0 = Release|Any CPU
		{45853B68-48C1-4968-9BAC-49A963361F90}.SiemensKonfig|Mixed Platforms.ActiveCfg = Release|Any CPU
		{45853B68-48C1-4968-9BAC-49A963361F90}.SiemensKonfig|Mixed Platforms.Build.0 = Release|Any CPU
		{45853B68-48C1-4968-9BAC-49A963361F90}.SiemensKonfig|x86.ActiveCfg = Release|Any CPU
		{45853B68-48C1-4968-9BAC-49A963361F90}.unsere eigene konfiguration|Any CPU.ActiveCfg = Release|Any CPU
		{45853B68-48C1-4968-9BAC-49A963361F90}.unsere eigene konfiguration|Any CPU.Build.0 = Release|Any CPU
		{45853B68-48C1-4968-9BAC-49A963361F90}.unsere eigene konfiguration|Mixed Platforms.ActiveCfg = Release|Any CPU
		{45853B68-48C1-4968-9BAC-49A963361F90}.unsere eigene konfiguration|Mixed Platforms.Build.0 = Release|Any CPU
		{45853B68-48C1-4968-9BAC-49A963361F90}.unsere eigene konfiguration|x86.ActiveCfg = Release|Any CPU
		{5E1579B6-F1CC-44DD-9D15-3B7E7FACE0DC}.Debug|Any CPU.ActiveCfg = Debug|Any CPU
		{5E1579B6-F1CC-44DD-9D15-3B7E7FACE0DC}.Debug|Any CPU.Build.0 = Debug|Any CPU
		{5E1579B6-F1CC-44DD-9D15-3B7E7FACE0DC}.Debug|Mixed Platforms.ActiveCfg = Debug|Any CPU
		{5E1579B6-F1CC-44DD-9D15-3B7E7FACE0DC}.Debug|Mixed Platforms.Build.0 = Debug|Any CPU
		{5E1579B6-F1CC-44DD-9D15-3B7E7FACE0DC}.Debug|x86.ActiveCfg = Debug|Any CPU
		{5E1579B6-F1CC-44DD-9D15-3B7E7FACE0DC}.Individual|Any CPU.ActiveCfg = Release|Any CPU
		{5E1579B6-F1CC-44DD-9D15-3B7E7FACE0DC}.Individual|Any CPU.Build.0 = Release|Any CPU
		{5E1579B6-F1CC-44DD-9D15-3B7E7FACE0DC}.Individual|Mixed Platforms.ActiveCfg = Release|Any CPU
		{5E1579B6-F1CC-44DD-9D15-3B7E7FACE0DC}.Individual|Mixed Platforms.Build.0 = Release|Any CPU
		{5E1579B6-F1CC-44DD-9D15-3B7E7FACE0DC}.Individual|x86.ActiveCfg = Release|Any CPU
		{5E1579B6-F1CC-44DD-9D15-3B7E7FACE0DC}.Realease_mit_Trace|Any CPU.ActiveCfg = Release|Any CPU
		{5E1579B6-F1CC-44DD-9D15-3B7E7FACE0DC}.Realease_mit_Trace|Any CPU.Build.0 = Release|Any CPU
		{5E1579B6-F1CC-44DD-9D15-3B7E7FACE0DC}.Realease_mit_Trace|Mixed Platforms.ActiveCfg = Release|Any CPU
		{5E1579B6-F1CC-44DD-9D15-3B7E7FACE0DC}.Realease_mit_Trace|Mixed Platforms.Build.0 = Release|Any CPU
		{5E1579B6-F1CC-44DD-9D15-3B7E7FACE0DC}.Realease_mit_Trace|x86.ActiveCfg = Release|Any CPU
		{5E1579B6-F1CC-44DD-9D15-3B7E7FACE0DC}.Release|Any CPU.ActiveCfg = Release|Any CPU
		{5E1579B6-F1CC-44DD-9D15-3B7E7FACE0DC}.Release|Any CPU.Build.0 = Release|Any CPU
		{5E1579B6-F1CC-44DD-9D15-3B7E7FACE0DC}.Release|Mixed Platforms.ActiveCfg = Release|Any CPU
		{5E1579B6-F1CC-44DD-9D15-3B7E7FACE0DC}.Release|Mixed Platforms.Build.0 = Release|Any CPU
		{5E1579B6-F1CC-44DD-9D15-3B7E7FACE0DC}.Release|x86.ActiveCfg = Release|Any CPU
		{5E1579B6-F1CC-44DD-9D15-3B7E7FACE0DC}.SiemensKonfig|Any CPU.ActiveCfg = Release|Any CPU
		{5E1579B6-F1CC-44DD-9D15-3B7E7FACE0DC}.SiemensKonfig|Any CPU.Build.0 = Release|Any CPU
		{5E1579B6-F1CC-44DD-9D15-3B7E7FACE0DC}.SiemensKonfig|Mixed Platforms.ActiveCfg = Release|Any CPU
		{5E1579B6-F1CC-44DD-9D15-3B7E7FACE0DC}.SiemensKonfig|Mixed Platforms.Build.0 = Release|Any CPU
		{5E1579B6-F1CC-44DD-9D15-3B7E7FACE0DC}.SiemensKonfig|x86.ActiveCfg = Release|Any CPU
		{5E1579B6-F1CC-44DD-9D15-3B7E7FACE0DC}.unsere eigene konfiguration|Any CPU.ActiveCfg = Release|Any CPU
		{5E1579B6-F1CC-44DD-9D15-3B7E7FACE0DC}.unsere eigene konfiguration|Any CPU.Build.0 = Release|Any CPU
		{5E1579B6-F1CC-44DD-9D15-3B7E7FACE0DC}.unsere eigene konfiguration|Mixed Platforms.ActiveCfg = Release|Any CPU
		{5E1579B6-F1CC-44DD-9D15-3B7E7FACE0DC}.unsere eigene konfiguration|Mixed Platforms.Build.0 = Release|Any CPU
		{5E1579B6-F1CC-44DD-9D15-3B7E7FACE0DC}.unsere eigene konfiguration|x86.ActiveCfg = Release|Any CPU
		{2F380D0E-4F21-45AC-B9C8-3A6113CF4CD1}.Debug|Any CPU.ActiveCfg = Debug|Any CPU
		{2F380D0E-4F21-45AC-B9C8-3A6113CF4CD1}.Debug|Any CPU.Build.0 = Debug|Any CPU
		{2F380D0E-4F21-45AC-B9C8-3A6113CF4CD1}.Debug|Mixed Platforms.ActiveCfg = Debug|Any CPU
		{2F380D0E-4F21-45AC-B9C8-3A6113CF4CD1}.Debug|Mixed Platforms.Build.0 = Debug|Any CPU
		{2F380D0E-4F21-45AC-B9C8-3A6113CF4CD1}.Debug|x86.ActiveCfg = Debug|Any CPU
		{2F380D0E-4F21-45AC-B9C8-3A6113CF4CD1}.Individual|Any CPU.ActiveCfg = Release|Any CPU
		{2F380D0E-4F21-45AC-B9C8-3A6113CF4CD1}.Individual|Any CPU.Build.0 = Release|Any CPU
		{2F380D0E-4F21-45AC-B9C8-3A6113CF4CD1}.Individual|Mixed Platforms.ActiveCfg = Release|Any CPU
		{2F380D0E-4F21-45AC-B9C8-3A6113CF4CD1}.Individual|Mixed Platforms.Build.0 = Release|Any CPU
		{2F380D0E-4F21-45AC-B9C8-3A6113CF4CD1}.Individual|x86.ActiveCfg = Release|Any CPU
		{2F380D0E-4F21-45AC-B9C8-3A6113CF4CD1}.Realease_mit_Trace|Any CPU.ActiveCfg = Release|Any CPU
		{2F380D0E-4F21-45AC-B9C8-3A6113CF4CD1}.Realease_mit_Trace|Any CPU.Build.0 = Release|Any CPU
		{2F380D0E-4F21-45AC-B9C8-3A6113CF4CD1}.Realease_mit_Trace|Mixed Platforms.ActiveCfg = Release|Any CPU
		{2F380D0E-4F21-45AC-B9C8-3A6113CF4CD1}.Realease_mit_Trace|Mixed Platforms.Build.0 = Release|Any CPU
		{2F380D0E-4F21-45AC-B9C8-3A6113CF4CD1}.Realease_mit_Trace|x86.ActiveCfg = Release|Any CPU
		{2F380D0E-4F21-45AC-B9C8-3A6113CF4CD1}.Release|Any CPU.ActiveCfg = Release|Any CPU
		{2F380D0E-4F21-45AC-B9C8-3A6113CF4CD1}.Release|Any CPU.Build.0 = Release|Any CPU
		{2F380D0E-4F21-45AC-B9C8-3A6113CF4CD1}.Release|Mixed Platforms.ActiveCfg = Release|Any CPU
		{2F380D0E-4F21-45AC-B9C8-3A6113CF4CD1}.Release|Mixed Platforms.Build.0 = Release|Any CPU
		{2F380D0E-4F21-45AC-B9C8-3A6113CF4CD1}.Release|x86.ActiveCfg = Release|Any CPU
		{2F380D0E-4F21-45AC-B9C8-3A6113CF4CD1}.SiemensKonfig|Any CPU.ActiveCfg = Release|Any CPU
		{2F380D0E-4F21-45AC-B9C8-3A6113CF4CD1}.SiemensKonfig|Any CPU.Build.0 = Release|Any CPU
		{2F380D0E-4F21-45AC-B9C8-3A6113CF4CD1}.SiemensKonfig|Mixed Platforms.ActiveCfg = Release|Any CPU
		{2F380D0E-4F21-45AC-B9C8-3A6113CF4CD1}.SiemensKonfig|Mixed Platforms.Build.0 = Release|Any CPU
		{2F380D0E-4F21-45AC-B9C8-3A6113CF4CD1}.SiemensKonfig|x86.ActiveCfg = Release|Any CPU
		{2F380D0E-4F21-45AC-B9C8-3A6113CF4CD1}.unsere eigene konfiguration|Any CPU.ActiveCfg = Release|Any CPU
		{2F380D0E-4F21-45AC-B9C8-3A6113CF4CD1}.unsere eigene konfiguration|Any CPU.Build.0 = Release|Any CPU
		{2F380D0E-4F21-45AC-B9C8-3A6113CF4CD1}.unsere eigene konfiguration|Mixed Platforms.ActiveCfg = Release|Any CPU
		{2F380D0E-4F21-45AC-B9C8-3A6113CF4CD1}.unsere eigene konfiguration|Mixed Platforms.Build.0 = Release|Any CPU
		{2F380D0E-4F21-45AC-B9C8-3A6113CF4CD1}.unsere eigene konfiguration|x86.ActiveCfg = Release|Any CPU
		{8843A469-D637-473F-BD6F-3B2035FBC973}.Debug|Any CPU.ActiveCfg = Debug|Any CPU
		{8843A469-D637-473F-BD6F-3B2035FBC973}.Debug|Any CPU.Build.0 = Debug|Any CPU
		{8843A469-D637-473F-BD6F-3B2035FBC973}.Debug|Mixed Platforms.ActiveCfg = Debug|Any CPU
		{8843A469-D637-473F-BD6F-3B2035FBC973}.Debug|Mixed Platforms.Build.0 = Debug|Any CPU
		{8843A469-D637-473F-BD6F-3B2035FBC973}.Debug|x86.ActiveCfg = Debug|Any CPU
		{8843A469-D637-473F-BD6F-3B2035FBC973}.Individual|Any CPU.ActiveCfg = Release|Any CPU
		{8843A469-D637-473F-BD6F-3B2035FBC973}.Individual|Any CPU.Build.0 = Release|Any CPU
		{8843A469-D637-473F-BD6F-3B2035FBC973}.Individual|Mixed Platforms.ActiveCfg = Release|Any CPU
		{8843A469-D637-473F-BD6F-3B2035FBC973}.Individual|Mixed Platforms.Build.0 = Release|Any CPU
		{8843A469-D637-473F-BD6F-3B2035FBC973}.Individual|x86.ActiveCfg = Release|Any CPU
		{8843A469-D637-473F-BD6F-3B2035FBC973}.Realease_mit_Trace|Any CPU.ActiveCfg = Release|Any CPU
		{8843A469-D637-473F-BD6F-3B2035FBC973}.Realease_mit_Trace|Any CPU.Build.0 = Release|Any CPU
		{8843A469-D637-473F-BD6F-3B2035FBC973}.Realease_mit_Trace|Mixed Platforms.ActiveCfg = Release|Any CPU
		{8843A469-D637-473F-BD6F-3B2035FBC973}.Realease_mit_Trace|Mixed Platforms.Build.0 = Release|Any CPU
		{8843A469-D637-473F-BD6F-3B2035FBC973}.Realease_mit_Trace|x86.ActiveCfg = Release|Any CPU
		{8843A469-D637-473F-BD6F-3B2035FBC973}.Release|Any CPU.ActiveCfg = Release|Any CPU
		{8843A469-D637-473F-BD6F-3B2035FBC973}.Release|Any CPU.Build.0 = Release|Any CPU
		{8843A469-D637-473F-BD6F-3B2035FBC973}.Release|Mixed Platforms.ActiveCfg = Release|Any CPU
		{8843A469-D637-473F-BD6F-3B2035FBC973}.Release|Mixed Platforms.Build.0 = Release|Any CPU
		{8843A469-D637-473F-BD6F-3B2035FBC973}.Release|x86.ActiveCfg = Release|Any CPU
		{8843A469-D637-473F-BD6F-3B2035FBC973}.SiemensKonfig|Any CPU.ActiveCfg = Release|Any CPU
		{8843A469-D637-473F-BD6F-3B2035FBC973}.SiemensKonfig|Any CPU.Build.0 = Release|Any CPU
		{8843A469-D637-473F-BD6F-3B2035FBC973}.SiemensKonfig|Mixed Platforms.ActiveCfg = Release|Any CPU
		{8843A469-D637-473F-BD6F-3B2035FBC973}.SiemensKonfig|Mixed Platforms.Build.0 = Release|Any CPU
		{8843A469-D637-473F-BD6F-3B2035FBC973}.SiemensKonfig|x86.ActiveCfg = Release|Any CPU
		{8843A469-D637-473F-BD6F-3B2035FBC973}.unsere eigene konfiguration|Any CPU.ActiveCfg = Release|Any CPU
		{8843A469-D637-473F-BD6F-3B2035FBC973}.unsere eigene konfiguration|Any CPU.Build.0 = Release|Any CPU
		{8843A469-D637-473F-BD6F-3B2035FBC973}.unsere eigene konfiguration|Mixed Platforms.ActiveCfg = Release|Any CPU
		{8843A469-D637-473F-BD6F-3B2035FBC973}.unsere eigene konfiguration|Mixed Platforms.Build.0 = Release|Any CPU
		{8843A469-D637-473F-BD6F-3B2035FBC973}.unsere eigene konfiguration|x86.ActiveCfg = Release|Any CPU
		{7A3F2A3F-9BFD-4ECD-A9F5-625163AEED47}.Debug|Any CPU.ActiveCfg = Debug|Any CPU
		{7A3F2A3F-9BFD-4ECD-A9F5-625163AEED47}.Debug|Any CPU.Build.0 = Debug|Any CPU
		{7A3F2A3F-9BFD-4ECD-A9F5-625163AEED47}.Debug|Mixed Platforms.ActiveCfg = Debug|Any CPU
		{7A3F2A3F-9BFD-4ECD-A9F5-625163AEED47}.Debug|Mixed Platforms.Build.0 = Debug|Any CPU
		{7A3F2A3F-9BFD-4ECD-A9F5-625163AEED47}.Debug|x86.ActiveCfg = Debug|Any CPU
		{7A3F2A3F-9BFD-4ECD-A9F5-625163AEED47}.Individual|Any CPU.ActiveCfg = Release|Any CPU
		{7A3F2A3F-9BFD-4ECD-A9F5-625163AEED47}.Individual|Any CPU.Build.0 = Release|Any CPU
		{7A3F2A3F-9BFD-4ECD-A9F5-625163AEED47}.Individual|Mixed Platforms.ActiveCfg = Release|Any CPU
		{7A3F2A3F-9BFD-4ECD-A9F5-625163AEED47}.Individual|Mixed Platforms.Build.0 = Release|Any CPU
		{7A3F2A3F-9BFD-4ECD-A9F5-625163AEED47}.Individual|x86.ActiveCfg = Release|Any CPU
		{7A3F2A3F-9BFD-4ECD-A9F5-625163AEED47}.Realease_mit_Trace|Any CPU.ActiveCfg = Release|Any CPU
		{7A3F2A3F-9BFD-4ECD-A9F5-625163AEED47}.Realease_mit_Trace|Any CPU.Build.0 = Release|Any CPU
		{7A3F2A3F-9BFD-4ECD-A9F5-625163AEED47}.Realease_mit_Trace|Mixed Platforms.ActiveCfg = Release|Any CPU
		{7A3F2A3F-9BFD-4ECD-A9F5-625163AEED47}.Realease_mit_Trace|Mixed Platforms.Build.0 = Release|Any CPU
		{7A3F2A3F-9BFD-4ECD-A9F5-625163AEED47}.Realease_mit_Trace|x86.ActiveCfg = Release|Any CPU
		{7A3F2A3F-9BFD-4ECD-A9F5-625163AEED47}.Release|Any CPU.ActiveCfg = Release|Any CPU
		{7A3F2A3F-9BFD-4ECD-A9F5-625163AEED47}.Release|Any CPU.Build.0 = Release|Any CPU
		{7A3F2A3F-9BFD-4ECD-A9F5-625163AEED47}.Release|Mixed Platforms.ActiveCfg = Release|Any CPU
		{7A3F2A3F-9BFD-4ECD-A9F5-625163AEED47}.Release|Mixed Platforms.Build.0 = Release|Any CPU
		{7A3F2A3F-9BFD-4ECD-A9F5-625163AEED47}.Release|x86.ActiveCfg = Release|Any CPU
		{7A3F2A3F-9BFD-4ECD-A9F5-625163AEED47}.SiemensKonfig|Any CPU.ActiveCfg = Release|Any CPU
		{7A3F2A3F-9BFD-4ECD-A9F5-625163AEED47}.SiemensKonfig|Any CPU.Build.0 = Release|Any CPU
		{7A3F2A3F-9BFD-4ECD-A9F5-625163AEED47}.SiemensKonfig|Mixed Platforms.ActiveCfg = Release|Any CPU
		{7A3F2A3F-9BFD-4ECD-A9F5-625163AEED47}.SiemensKonfig|Mixed Platforms.Build.0 = Release|Any CPU
		{7A3F2A3F-9BFD-4ECD-A9F5-625163AEED47}.SiemensKonfig|x86.ActiveCfg = Release|Any CPU
		{7A3F2A3F-9BFD-4ECD-A9F5-625163AEED47}.unsere eigene konfiguration|Any CPU.ActiveCfg = Release|Any CPU
		{7A3F2A3F-9BFD-4ECD-A9F5-625163AEED47}.unsere eigene konfiguration|Any CPU.Build.0 = Release|Any CPU
		{7A3F2A3F-9BFD-4ECD-A9F5-625163AEED47}.unsere eigene konfiguration|Mixed Platforms.ActiveCfg = Release|Any CPU
		{7A3F2A3F-9BFD-4ECD-A9F5-625163AEED47}.unsere eigene konfiguration|Mixed Platforms.Build.0 = Release|Any CPU
		{7A3F2A3F-9BFD-4ECD-A9F5-625163AEED47}.unsere eigene konfiguration|x86.ActiveCfg = Release|Any CPU
		{BAE7A3F7-982E-4A5D-BDC0-764B3DBBC6AC}.Debug|Any CPU.ActiveCfg = Debug|x86
		{BAE7A3F7-982E-4A5D-BDC0-764B3DBBC6AC}.Debug|Mixed Platforms.ActiveCfg = Debug|x86
		{BAE7A3F7-982E-4A5D-BDC0-764B3DBBC6AC}.Debug|Mixed Platforms.Build.0 = Debug|x86
		{BAE7A3F7-982E-4A5D-BDC0-764B3DBBC6AC}.Debug|x86.ActiveCfg = Debug|x86
		{BAE7A3F7-982E-4A5D-BDC0-764B3DBBC6AC}.Debug|x86.Build.0 = Debug|x86
		{BAE7A3F7-982E-4A5D-BDC0-764B3DBBC6AC}.Individual|Any CPU.ActiveCfg = Individual|x86
		{BAE7A3F7-982E-4A5D-BDC0-764B3DBBC6AC}.Individual|Mixed Platforms.ActiveCfg = Individual|x86
		{BAE7A3F7-982E-4A5D-BDC0-764B3DBBC6AC}.Individual|Mixed Platforms.Build.0 = Individual|x86
		{BAE7A3F7-982E-4A5D-BDC0-764B3DBBC6AC}.Individual|x86.ActiveCfg = Individual|x86
		{BAE7A3F7-982E-4A5D-BDC0-764B3DBBC6AC}.Individual|x86.Build.0 = Individual|x86
		{BAE7A3F7-982E-4A5D-BDC0-764B3DBBC6AC}.Realease_mit_Trace|Any CPU.ActiveCfg = Release|x86
		{BAE7A3F7-982E-4A5D-BDC0-764B3DBBC6AC}.Realease_mit_Trace|Mixed Platforms.ActiveCfg = Release|x86
		{BAE7A3F7-982E-4A5D-BDC0-764B3DBBC6AC}.Realease_mit_Trace|Mixed Platforms.Build.0 = Release|x86
		{BAE7A3F7-982E-4A5D-BDC0-764B3DBBC6AC}.Realease_mit_Trace|x86.ActiveCfg = Release|x86
		{BAE7A3F7-982E-4A5D-BDC0-764B3DBBC6AC}.Realease_mit_Trace|x86.Build.0 = Release|x86
		{BAE7A3F7-982E-4A5D-BDC0-764B3DBBC6AC}.Release|Any CPU.ActiveCfg = Release|x86
		{BAE7A3F7-982E-4A5D-BDC0-764B3DBBC6AC}.Release|Mixed Platforms.ActiveCfg = Release|x86
		{BAE7A3F7-982E-4A5D-BDC0-764B3DBBC6AC}.Release|Mixed Platforms.Build.0 = Release|x86
		{BAE7A3F7-982E-4A5D-BDC0-764B3DBBC6AC}.Release|x86.ActiveCfg = Release|x86
		{BAE7A3F7-982E-4A5D-BDC0-764B3DBBC6AC}.Release|x86.Build.0 = Release|x86
		{BAE7A3F7-982E-4A5D-BDC0-764B3DBBC6AC}.SiemensKonfig|Any CPU.ActiveCfg = SiemensKonfig|x86
		{BAE7A3F7-982E-4A5D-BDC0-764B3DBBC6AC}.SiemensKonfig|Mixed Platforms.ActiveCfg = SiemensKonfig|x86
		{BAE7A3F7-982E-4A5D-BDC0-764B3DBBC6AC}.SiemensKonfig|Mixed Platforms.Build.0 = SiemensKonfig|x86
		{BAE7A3F7-982E-4A5D-BDC0-764B3DBBC6AC}.SiemensKonfig|x86.ActiveCfg = SiemensKonfig|x86
		{BAE7A3F7-982E-4A5D-BDC0-764B3DBBC6AC}.SiemensKonfig|x86.Build.0 = SiemensKonfig|x86
		{BAE7A3F7-982E-4A5D-BDC0-764B3DBBC6AC}.unsere eigene konfiguration|Any CPU.ActiveCfg = unsere eigene konfiguration|x86
		{BAE7A3F7-982E-4A5D-BDC0-764B3DBBC6AC}.unsere eigene konfiguration|Mixed Platforms.ActiveCfg = unsere eigene konfiguration|x86
		{BAE7A3F7-982E-4A5D-BDC0-764B3DBBC6AC}.unsere eigene konfiguration|Mixed Platforms.Build.0 = unsere eigene konfiguration|x86
		{BAE7A3F7-982E-4A5D-BDC0-764B3DBBC6AC}.unsere eigene konfiguration|x86.ActiveCfg = unsere eigene konfiguration|x86
		{BAE7A3F7-982E-4A5D-BDC0-764B3DBBC6AC}.unsere eigene konfiguration|x86.Build.0 = unsere eigene konfiguration|x86
		{4D1FFF60-7487-4C90-8E3B-D0EE1CA03707}.Debug|Any CPU.ActiveCfg = Debug|Any CPU
		{4D1FFF60-7487-4C90-8E3B-D0EE1CA03707}.Debug|Any CPU.Build.0 = Debug|Any CPU
		{4D1FFF60-7487-4C90-8E3B-D0EE1CA03707}.Debug|Mixed Platforms.ActiveCfg = Debug|Any CPU
		{4D1FFF60-7487-4C90-8E3B-D0EE1CA03707}.Debug|Mixed Platforms.Build.0 = Debug|Any CPU
		{4D1FFF60-7487-4C90-8E3B-D0EE1CA03707}.Debug|x86.ActiveCfg = Debug|Any CPU
		{4D1FFF60-7487-4C90-8E3B-D0EE1CA03707}.Individual|Any CPU.ActiveCfg = Individual|Any CPU
		{4D1FFF60-7487-4C90-8E3B-D0EE1CA03707}.Individual|Any CPU.Build.0 = Individual|Any CPU
		{4D1FFF60-7487-4C90-8E3B-D0EE1CA03707}.Individual|Mixed Platforms.ActiveCfg = Individual|Any CPU
		{4D1FFF60-7487-4C90-8E3B-D0EE1CA03707}.Individual|Mixed Platforms.Build.0 = Individual|Any CPU
		{4D1FFF60-7487-4C90-8E3B-D0EE1CA03707}.Individual|x86.ActiveCfg = Individual|Any CPU
		{4D1FFF60-7487-4C90-8E3B-D0EE1CA03707}.Realease_mit_Trace|Any CPU.ActiveCfg = Release|Any CPU
		{4D1FFF60-7487-4C90-8E3B-D0EE1CA03707}.Realease_mit_Trace|Any CPU.Build.0 = Release|Any CPU
		{4D1FFF60-7487-4C90-8E3B-D0EE1CA03707}.Realease_mit_Trace|Mixed Platforms.ActiveCfg = Release|Any CPU
		{4D1FFF60-7487-4C90-8E3B-D0EE1CA03707}.Realease_mit_Trace|Mixed Platforms.Build.0 = Release|Any CPU
		{4D1FFF60-7487-4C90-8E3B-D0EE1CA03707}.Realease_mit_Trace|x86.ActiveCfg = Release|Any CPU
		{4D1FFF60-7487-4C90-8E3B-D0EE1CA03707}.Release|Any CPU.ActiveCfg = Release|Any CPU
		{4D1FFF60-7487-4C90-8E3B-D0EE1CA03707}.Release|Any CPU.Build.0 = Release|Any CPU
		{4D1FFF60-7487-4C90-8E3B-D0EE1CA03707}.Release|Mixed Platforms.ActiveCfg = Release|Any CPU
		{4D1FFF60-7487-4C90-8E3B-D0EE1CA03707}.Release|Mixed Platforms.Build.0 = Release|Any CPU
		{4D1FFF60-7487-4C90-8E3B-D0EE1CA03707}.Release|x86.ActiveCfg = Release|Any CPU
		{4D1FFF60-7487-4C90-8E3B-D0EE1CA03707}.SiemensKonfig|Any CPU.ActiveCfg = SiemensKonfig|Any CPU
		{4D1FFF60-7487-4C90-8E3B-D0EE1CA03707}.SiemensKonfig|Any CPU.Build.0 = SiemensKonfig|Any CPU
		{4D1FFF60-7487-4C90-8E3B-D0EE1CA03707}.SiemensKonfig|Mixed Platforms.ActiveCfg = SiemensKonfig|Any CPU
		{4D1FFF60-7487-4C90-8E3B-D0EE1CA03707}.SiemensKonfig|Mixed Platforms.Build.0 = SiemensKonfig|Any CPU
		{4D1FFF60-7487-4C90-8E3B-D0EE1CA03707}.SiemensKonfig|x86.ActiveCfg = SiemensKonfig|Any CPU
		{4D1FFF60-7487-4C90-8E3B-D0EE1CA03707}.unsere eigene konfiguration|Any CPU.ActiveCfg = unsere eigene konfiguration|Any CPU
		{4D1FFF60-7487-4C90-8E3B-D0EE1CA03707}.unsere eigene konfiguration|Any CPU.Build.0 = unsere eigene konfiguration|Any CPU
		{4D1FFF60-7487-4C90-8E3B-D0EE1CA03707}.unsere eigene konfiguration|Mixed Platforms.ActiveCfg = unsere eigene konfiguration|Any CPU
		{4D1FFF60-7487-4C90-8E3B-D0EE1CA03707}.unsere eigene konfiguration|Mixed Platforms.Build.0 = unsere eigene konfiguration|Any CPU
		{4D1FFF60-7487-4C90-8E3B-D0EE1CA03707}.unsere eigene konfiguration|x86.ActiveCfg = unsere eigene konfiguration|Any CPU
		{02FB229C-FB5B-4F4A-8746-84A3D2B57D0A}.Debug|Any CPU.ActiveCfg = Debug|x86
		{02FB229C-FB5B-4F4A-8746-84A3D2B57D0A}.Debug|Mixed Platforms.ActiveCfg = Debug|x86
		{02FB229C-FB5B-4F4A-8746-84A3D2B57D0A}.Debug|Mixed Platforms.Build.0 = Debug|x86
		{02FB229C-FB5B-4F4A-8746-84A3D2B57D0A}.Debug|x86.ActiveCfg = Debug|x86
		{02FB229C-FB5B-4F4A-8746-84A3D2B57D0A}.Debug|x86.Build.0 = Debug|x86
		{02FB229C-FB5B-4F4A-8746-84A3D2B57D0A}.Individual|Any CPU.ActiveCfg = Individual|x86
		{02FB229C-FB5B-4F4A-8746-84A3D2B57D0A}.Individual|Mixed Platforms.ActiveCfg = Individual|x86
		{02FB229C-FB5B-4F4A-8746-84A3D2B57D0A}.Individual|Mixed Platforms.Build.0 = Individual|x86
		{02FB229C-FB5B-4F4A-8746-84A3D2B57D0A}.Individual|x86.ActiveCfg = Individual|x86
		{02FB229C-FB5B-4F4A-8746-84A3D2B57D0A}.Individual|x86.Build.0 = Individual|x86
		{02FB229C-FB5B-4F4A-8746-84A3D2B57D0A}.Realease_mit_Trace|Any CPU.ActiveCfg = Release|x86
		{02FB229C-FB5B-4F4A-8746-84A3D2B57D0A}.Realease_mit_Trace|Mixed Platforms.ActiveCfg = Release|x86
		{02FB229C-FB5B-4F4A-8746-84A3D2B57D0A}.Realease_mit_Trace|Mixed Platforms.Build.0 = Release|x86
		{02FB229C-FB5B-4F4A-8746-84A3D2B57D0A}.Realease_mit_Trace|x86.ActiveCfg = Release|x86
		{02FB229C-FB5B-4F4A-8746-84A3D2B57D0A}.Realease_mit_Trace|x86.Build.0 = Release|x86
		{02FB229C-FB5B-4F4A-8746-84A3D2B57D0A}.Release|Any CPU.ActiveCfg = Release|x86
		{02FB229C-FB5B-4F4A-8746-84A3D2B57D0A}.Release|Mixed Platforms.ActiveCfg = Release|x86
		{02FB229C-FB5B-4F4A-8746-84A3D2B57D0A}.Release|Mixed Platforms.Build.0 = Release|x86
		{02FB229C-FB5B-4F4A-8746-84A3D2B57D0A}.Release|x86.ActiveCfg = Release|x86
		{02FB229C-FB5B-4F4A-8746-84A3D2B57D0A}.Release|x86.Build.0 = Release|x86
		{02FB229C-FB5B-4F4A-8746-84A3D2B57D0A}.SiemensKonfig|Any CPU.ActiveCfg = SiemensKonfig|x86
		{02FB229C-FB5B-4F4A-8746-84A3D2B57D0A}.SiemensKonfig|Mixed Platforms.ActiveCfg = SiemensKonfig|x86
		{02FB229C-FB5B-4F4A-8746-84A3D2B57D0A}.SiemensKonfig|Mixed Platforms.Build.0 = SiemensKonfig|x86
		{02FB229C-FB5B-4F4A-8746-84A3D2B57D0A}.SiemensKonfig|x86.ActiveCfg = SiemensKonfig|x86
		{02FB229C-FB5B-4F4A-8746-84A3D2B57D0A}.SiemensKonfig|x86.Build.0 = SiemensKonfig|x86
		{02FB229C-FB5B-4F4A-8746-84A3D2B57D0A}.unsere eigene konfiguration|Any CPU.ActiveCfg = unsere eigene konfiguration|x86
		{02FB229C-FB5B-4F4A-8746-84A3D2B57D0A}.unsere eigene konfiguration|Mixed Platforms.ActiveCfg = unsere eigene konfiguration|x86
		{02FB229C-FB5B-4F4A-8746-84A3D2B57D0A}.unsere eigene konfiguration|Mixed Platforms.Build.0 = unsere eigene konfiguration|x86
		{02FB229C-FB5B-4F4A-8746-84A3D2B57D0A}.unsere eigene konfiguration|x86.ActiveCfg = unsere eigene konfiguration|x86
		{02FB229C-FB5B-4F4A-8746-84A3D2B57D0A}.unsere eigene konfiguration|x86.Build.0 = unsere eigene konfiguration|x86
		{F01CC5DE-FAD1-4EB4-A72B-36AB4F31F363}.Debug|Any CPU.ActiveCfg = Debug|Any CPU
		{F01CC5DE-FAD1-4EB4-A72B-36AB4F31F363}.Debug|Any CPU.Build.0 = Debug|Any CPU
		{F01CC5DE-FAD1-4EB4-A72B-36AB4F31F363}.Debug|Mixed Platforms.ActiveCfg = Debug|Any CPU
		{F01CC5DE-FAD1-4EB4-A72B-36AB4F31F363}.Debug|Mixed Platforms.Build.0 = Debug|Any CPU
		{F01CC5DE-FAD1-4EB4-A72B-36AB4F31F363}.Debug|x86.ActiveCfg = Debug|Any CPU
		{F01CC5DE-FAD1-4EB4-A72B-36AB4F31F363}.Individual|Any CPU.ActiveCfg = Individual|Any CPU
		{F01CC5DE-FAD1-4EB4-A72B-36AB4F31F363}.Individual|Any CPU.Build.0 = Individual|Any CPU
		{F01CC5DE-FAD1-4EB4-A72B-36AB4F31F363}.Individual|Mixed Platforms.ActiveCfg = Individual|Any CPU
		{F01CC5DE-FAD1-4EB4-A72B-36AB4F31F363}.Individual|Mixed Platforms.Build.0 = Individual|Any CPU
		{F01CC5DE-FAD1-4EB4-A72B-36AB4F31F363}.Individual|x86.ActiveCfg = Individual|Any CPU
		{F01CC5DE-FAD1-4EB4-A72B-36AB4F31F363}.Realease_mit_Trace|Any CPU.ActiveCfg = Realease_mit_Trace|Any CPU
		{F01CC5DE-FAD1-4EB4-A72B-36AB4F31F363}.Realease_mit_Trace|Any CPU.Build.0 = Realease_mit_Trace|Any CPU
		{F01CC5DE-FAD1-4EB4-A72B-36AB4F31F363}.Realease_mit_Trace|Mixed Platforms.ActiveCfg = Realease_mit_Trace|Any CPU
		{F01CC5DE-FAD1-4EB4-A72B-36AB4F31F363}.Realease_mit_Trace|Mixed Platforms.Build.0 = Realease_mit_Trace|Any CPU
		{F01CC5DE-FAD1-4EB4-A72B-36AB4F31F363}.Realease_mit_Trace|x86.ActiveCfg = Realease_mit_Trace|Any CPU
		{F01CC5DE-FAD1-4EB4-A72B-36AB4F31F363}.Release|Any CPU.ActiveCfg = Release|Any CPU
		{F01CC5DE-FAD1-4EB4-A72B-36AB4F31F363}.Release|Any CPU.Build.0 = Release|Any CPU
		{F01CC5DE-FAD1-4EB4-A72B-36AB4F31F363}.Release|Mixed Platforms.ActiveCfg = Release|Any CPU
		{F01CC5DE-FAD1-4EB4-A72B-36AB4F31F363}.Release|Mixed Platforms.Build.0 = Release|Any CPU
		{F01CC5DE-FAD1-4EB4-A72B-36AB4F31F363}.Release|x86.ActiveCfg = Release|Any CPU
		{F01CC5DE-FAD1-4EB4-A72B-36AB4F31F363}.SiemensKonfig|Any CPU.ActiveCfg = SiemensKonfig|Any CPU
		{F01CC5DE-FAD1-4EB4-A72B-36AB4F31F363}.SiemensKonfig|Any CPU.Build.0 = SiemensKonfig|Any CPU
		{F01CC5DE-FAD1-4EB4-A72B-36AB4F31F363}.SiemensKonfig|Mixed Platforms.ActiveCfg = SiemensKonfig|Any CPU
		{F01CC5DE-FAD1-4EB4-A72B-36AB4F31F363}.SiemensKonfig|Mixed Platforms.Build.0 = SiemensKonfig|Any CPU
		{F01CC5DE-FAD1-4EB4-A72B-36AB4F31F363}.SiemensKonfig|x86.ActiveCfg = SiemensKonfig|Any CPU
		{F01CC5DE-FAD1-4EB4-A72B-36AB4F31F363}.unsere eigene konfiguration|Any CPU.ActiveCfg = unsere eigene konfiguration|Any CPU
		{F01CC5DE-FAD1-4EB4-A72B-36AB4F31F363}.unsere eigene konfiguration|Any CPU.Build.0 = unsere eigene konfiguration|Any CPU
		{F01CC5DE-FAD1-4EB4-A72B-36AB4F31F363}.unsere eigene konfiguration|Mixed Platforms.ActiveCfg = unsere eigene konfiguration|Any CPU
		{F01CC5DE-FAD1-4EB4-A72B-36AB4F31F363}.unsere eigene konfiguration|Mixed Platforms.Build.0 = unsere eigene konfiguration|Any CPU
		{F01CC5DE-FAD1-4EB4-A72B-36AB4F31F363}.unsere eigene konfiguration|x86.ActiveCfg = unsere eigene konfiguration|Any CPU
		{9E55D93E-809C-4F95-A85C-7D29BD06499C}.Debug|Any CPU.ActiveCfg = Debug|Any CPU
		{9E55D93E-809C-4F95-A85C-7D29BD06499C}.Debug|Any CPU.Build.0 = Debug|Any CPU
		{9E55D93E-809C-4F95-A85C-7D29BD06499C}.Debug|Mixed Platforms.ActiveCfg = Debug|Any CPU
		{9E55D93E-809C-4F95-A85C-7D29BD06499C}.Debug|Mixed Platforms.Build.0 = Debug|Any CPU
		{9E55D93E-809C-4F95-A85C-7D29BD06499C}.Debug|x86.ActiveCfg = Debug|Any CPU
		{9E55D93E-809C-4F95-A85C-7D29BD06499C}.Individual|Any CPU.ActiveCfg = Individual|Any CPU
		{9E55D93E-809C-4F95-A85C-7D29BD06499C}.Individual|Any CPU.Build.0 = Individual|Any CPU
		{9E55D93E-809C-4F95-A85C-7D29BD06499C}.Individual|Mixed Platforms.ActiveCfg = Individual|Any CPU
		{9E55D93E-809C-4F95-A85C-7D29BD06499C}.Individual|Mixed Platforms.Build.0 = Individual|Any CPU
		{9E55D93E-809C-4F95-A85C-7D29BD06499C}.Individual|x86.ActiveCfg = Individual|Any CPU
		{9E55D93E-809C-4F95-A85C-7D29BD06499C}.Realease_mit_Trace|Any CPU.ActiveCfg = Release|Any CPU
		{9E55D93E-809C-4F95-A85C-7D29BD06499C}.Realease_mit_Trace|Any CPU.Build.0 = Release|Any CPU
		{9E55D93E-809C-4F95-A85C-7D29BD06499C}.Realease_mit_Trace|Mixed Platforms.ActiveCfg = Release|Any CPU
		{9E55D93E-809C-4F95-A85C-7D29BD06499C}.Realease_mit_Trace|Mixed Platforms.Build.0 = Release|Any CPU
		{9E55D93E-809C-4F95-A85C-7D29BD06499C}.Realease_mit_Trace|x86.ActiveCfg = Release|Any CPU
		{9E55D93E-809C-4F95-A85C-7D29BD06499C}.Release|Any CPU.ActiveCfg = Release|Any CPU
		{9E55D93E-809C-4F95-A85C-7D29BD06499C}.Release|Any CPU.Build.0 = Release|Any CPU
		{9E55D93E-809C-4F95-A85C-7D29BD06499C}.Release|Mixed Platforms.ActiveCfg = Release|Any CPU
		{9E55D93E-809C-4F95-A85C-7D29BD06499C}.Release|Mixed Platforms.Build.0 = Release|Any CPU
		{9E55D93E-809C-4F95-A85C-7D29BD06499C}.Release|x86.ActiveCfg = Release|Any CPU
		{9E55D93E-809C-4F95-A85C-7D29BD06499C}.SiemensKonfig|Any CPU.ActiveCfg = SiemensKonfig|Any CPU
		{9E55D93E-809C-4F95-A85C-7D29BD06499C}.SiemensKonfig|Any CPU.Build.0 = SiemensKonfig|Any CPU
		{9E55D93E-809C-4F95-A85C-7D29BD06499C}.SiemensKonfig|Mixed Platforms.ActiveCfg = SiemensKonfig|Any CPU
		{9E55D93E-809C-4F95-A85C-7D29BD06499C}.SiemensKonfig|Mixed Platforms.Build.0 = SiemensKonfig|Any CPU
		{9E55D93E-809C-4F95-A85C-7D29BD06499C}.SiemensKonfig|x86.ActiveCfg = SiemensKonfig|Any CPU
		{9E55D93E-809C-4F95-A85C-7D29BD06499C}.unsere eigene konfiguration|Any CPU.ActiveCfg = unsere eigene konfiguration|Any CPU
		{9E55D93E-809C-4F95-A85C-7D29BD06499C}.unsere eigene konfiguration|Any CPU.Build.0 = unsere eigene konfiguration|Any CPU
		{9E55D93E-809C-4F95-A85C-7D29BD06499C}.unsere eigene konfiguration|Mixed Platforms.ActiveCfg = unsere eigene konfiguration|Any CPU
		{9E55D93E-809C-4F95-A85C-7D29BD06499C}.unsere eigene konfiguration|Mixed Platforms.Build.0 = unsere eigene konfiguration|Any CPU
		{9E55D93E-809C-4F95-A85C-7D29BD06499C}.unsere eigene konfiguration|x86.ActiveCfg = unsere eigene konfiguration|Any CPU
		{D71D0BF2-3119-4EEC-80D6-62859DCB9920}.Debug|Any CPU.ActiveCfg = Debug|Any CPU
		{D71D0BF2-3119-4EEC-80D6-62859DCB9920}.Debug|Any CPU.Build.0 = Debug|Any CPU
		{D71D0BF2-3119-4EEC-80D6-62859DCB9920}.Debug|Mixed Platforms.ActiveCfg = Debug|Any CPU
		{D71D0BF2-3119-4EEC-80D6-62859DCB9920}.Debug|Mixed Platforms.Build.0 = Debug|Any CPU
		{D71D0BF2-3119-4EEC-80D6-62859DCB9920}.Debug|x86.ActiveCfg = Debug|Any CPU
		{D71D0BF2-3119-4EEC-80D6-62859DCB9920}.Individual|Any CPU.ActiveCfg = Release|Any CPU
		{D71D0BF2-3119-4EEC-80D6-62859DCB9920}.Individual|Any CPU.Build.0 = Release|Any CPU
		{D71D0BF2-3119-4EEC-80D6-62859DCB9920}.Individual|Mixed Platforms.ActiveCfg = Release|Any CPU
		{D71D0BF2-3119-4EEC-80D6-62859DCB9920}.Individual|Mixed Platforms.Build.0 = Release|Any CPU
		{D71D0BF2-3119-4EEC-80D6-62859DCB9920}.Individual|x86.ActiveCfg = Release|Any CPU
		{D71D0BF2-3119-4EEC-80D6-62859DCB9920}.Realease_mit_Trace|Any CPU.ActiveCfg = Release|Any CPU
		{D71D0BF2-3119-4EEC-80D6-62859DCB9920}.Realease_mit_Trace|Any CPU.Build.0 = Release|Any CPU
		{D71D0BF2-3119-4EEC-80D6-62859DCB9920}.Realease_mit_Trace|Mixed Platforms.ActiveCfg = Release|Any CPU
		{D71D0BF2-3119-4EEC-80D6-62859DCB9920}.Realease_mit_Trace|Mixed Platforms.Build.0 = Release|Any CPU
		{D71D0BF2-3119-4EEC-80D6-62859DCB9920}.Realease_mit_Trace|x86.ActiveCfg = Release|Any CPU
		{D71D0BF2-3119-4EEC-80D6-62859DCB9920}.Release|Any CPU.ActiveCfg = Release|Any CPU
		{D71D0BF2-3119-4EEC-80D6-62859DCB9920}.Release|Any CPU.Build.0 = Release|Any CPU
		{D71D0BF2-3119-4EEC-80D6-62859DCB9920}.Release|Mixed Platforms.ActiveCfg = Release|Any CPU
		{D71D0BF2-3119-4EEC-80D6-62859DCB9920}.Release|Mixed Platforms.Build.0 = Release|Any CPU
		{D71D0BF2-3119-4EEC-80D6-62859DCB9920}.Release|x86.ActiveCfg = Release|Any CPU
		{D71D0BF2-3119-4EEC-80D6-62859DCB9920}.SiemensKonfig|Any CPU.ActiveCfg = Release|Any CPU
		{D71D0BF2-3119-4EEC-80D6-62859DCB9920}.SiemensKonfig|Any CPU.Build.0 = Release|Any CPU
		{D71D0BF2-3119-4EEC-80D6-62859DCB9920}.SiemensKonfig|Mixed Platforms.ActiveCfg = Release|Any CPU
		{D71D0BF2-3119-4EEC-80D6-62859DCB9920}.SiemensKonfig|Mixed Platforms.Build.0 = Release|Any CPU
		{D71D0BF2-3119-4EEC-80D6-62859DCB9920}.SiemensKonfig|x86.ActiveCfg = Release|Any CPU
		{D71D0BF2-3119-4EEC-80D6-62859DCB9920}.unsere eigene konfiguration|Any CPU.ActiveCfg = Release|Any CPU
		{D71D0BF2-3119-4EEC-80D6-62859DCB9920}.unsere eigene konfiguration|Any CPU.Build.0 = Release|Any CPU
		{D71D0BF2-3119-4EEC-80D6-62859DCB9920}.unsere eigene konfiguration|Mixed Platforms.ActiveCfg = Release|Any CPU
		{D71D0BF2-3119-4EEC-80D6-62859DCB9920}.unsere eigene konfiguration|Mixed Platforms.Build.0 = Release|Any CPU
		{D71D0BF2-3119-4EEC-80D6-62859DCB9920}.unsere eigene konfiguration|x86.ActiveCfg = Release|Any CPU
		{3B3DA9C1-3B9C-43B3-B21C-179F0D8CA4D8}.Debug|Any CPU.ActiveCfg = Debug|Any CPU
		{3B3DA9C1-3B9C-43B3-B21C-179F0D8CA4D8}.Debug|Any CPU.Build.0 = Debug|Any CPU
		{3B3DA9C1-3B9C-43B3-B21C-179F0D8CA4D8}.Debug|Mixed Platforms.ActiveCfg = Debug|Any CPU
		{3B3DA9C1-3B9C-43B3-B21C-179F0D8CA4D8}.Debug|Mixed Platforms.Build.0 = Debug|Any CPU
		{3B3DA9C1-3B9C-43B3-B21C-179F0D8CA4D8}.Debug|x86.ActiveCfg = Debug|Any CPU
		{3B3DA9C1-3B9C-43B3-B21C-179F0D8CA4D8}.Individual|Any CPU.ActiveCfg = Release|Any CPU
		{3B3DA9C1-3B9C-43B3-B21C-179F0D8CA4D8}.Individual|Any CPU.Build.0 = Release|Any CPU
		{3B3DA9C1-3B9C-43B3-B21C-179F0D8CA4D8}.Individual|Mixed Platforms.ActiveCfg = Release|Any CPU
		{3B3DA9C1-3B9C-43B3-B21C-179F0D8CA4D8}.Individual|Mixed Platforms.Build.0 = Release|Any CPU
		{3B3DA9C1-3B9C-43B3-B21C-179F0D8CA4D8}.Individual|x86.ActiveCfg = Release|Any CPU
		{3B3DA9C1-3B9C-43B3-B21C-179F0D8CA4D8}.Realease_mit_Trace|Any CPU.ActiveCfg = Release|Any CPU
		{3B3DA9C1-3B9C-43B3-B21C-179F0D8CA4D8}.Realease_mit_Trace|Any CPU.Build.0 = Release|Any CPU
		{3B3DA9C1-3B9C-43B3-B21C-179F0D8CA4D8}.Realease_mit_Trace|Mixed Platforms.ActiveCfg = Release|Any CPU
		{3B3DA9C1-3B9C-43B3-B21C-179F0D8CA4D8}.Realease_mit_Trace|Mixed Platforms.Build.0 = Release|Any CPU
		{3B3DA9C1-3B9C-43B3-B21C-179F0D8CA4D8}.Realease_mit_Trace|x86.ActiveCfg = Release|Any CPU
		{3B3DA9C1-3B9C-43B3-B21C-179F0D8CA4D8}.Release|Any CPU.ActiveCfg = Release|Any CPU
		{3B3DA9C1-3B9C-43B3-B21C-179F0D8CA4D8}.Release|Any CPU.Build.0 = Release|Any CPU
		{3B3DA9C1-3B9C-43B3-B21C-179F0D8CA4D8}.Release|Mixed Platforms.ActiveCfg = Release|Any CPU
		{3B3DA9C1-3B9C-43B3-B21C-179F0D8CA4D8}.Release|Mixed Platforms.Build.0 = Release|Any CPU
		{3B3DA9C1-3B9C-43B3-B21C-179F0D8CA4D8}.Release|x86.ActiveCfg = Release|Any CPU
		{3B3DA9C1-3B9C-43B3-B21C-179F0D8CA4D8}.SiemensKonfig|Any CPU.ActiveCfg = Release|Any CPU
		{3B3DA9C1-3B9C-43B3-B21C-179F0D8CA4D8}.SiemensKonfig|Any CPU.Build.0 = Release|Any CPU
		{3B3DA9C1-3B9C-43B3-B21C-179F0D8CA4D8}.SiemensKonfig|Mixed Platforms.ActiveCfg = Release|Any CPU
		{3B3DA9C1-3B9C-43B3-B21C-179F0D8CA4D8}.SiemensKonfig|Mixed Platforms.Build.0 = Release|Any CPU
		{3B3DA9C1-3B9C-43B3-B21C-179F0D8CA4D8}.SiemensKonfig|x86.ActiveCfg = Release|Any CPU
		{3B3DA9C1-3B9C-43B3-B21C-179F0D8CA4D8}.unsere eigene konfiguration|Any CPU.ActiveCfg = Release|Any CPU
		{3B3DA9C1-3B9C-43B3-B21C-179F0D8CA4D8}.unsere eigene konfiguration|Any CPU.Build.0 = Release|Any CPU
		{3B3DA9C1-3B9C-43B3-B21C-179F0D8CA4D8}.unsere eigene konfiguration|Mixed Platforms.ActiveCfg = Release|Any CPU
		{3B3DA9C1-3B9C-43B3-B21C-179F0D8CA4D8}.unsere eigene konfiguration|Mixed Platforms.Build.0 = Release|Any CPU
		{3B3DA9C1-3B9C-43B3-B21C-179F0D8CA4D8}.unsere eigene konfiguration|x86.ActiveCfg = Release|Any CPU
		{D9F61F29-FB3B-4ECE-AA94-1B71AA2419FA}.Debug|Any CPU.ActiveCfg = Debug|Any CPU
		{D9F61F29-FB3B-4ECE-AA94-1B71AA2419FA}.Debug|Any CPU.Build.0 = Debug|Any CPU
		{D9F61F29-FB3B-4ECE-AA94-1B71AA2419FA}.Debug|Mixed Platforms.ActiveCfg = Debug|Any CPU
		{D9F61F29-FB3B-4ECE-AA94-1B71AA2419FA}.Debug|Mixed Platforms.Build.0 = Debug|Any CPU
		{D9F61F29-FB3B-4ECE-AA94-1B71AA2419FA}.Debug|x86.ActiveCfg = Debug|Any CPU
		{D9F61F29-FB3B-4ECE-AA94-1B71AA2419FA}.Individual|Any CPU.ActiveCfg = Release|Any CPU
		{D9F61F29-FB3B-4ECE-AA94-1B71AA2419FA}.Individual|Any CPU.Build.0 = Release|Any CPU
		{D9F61F29-FB3B-4ECE-AA94-1B71AA2419FA}.Individual|Mixed Platforms.ActiveCfg = Release|Any CPU
		{D9F61F29-FB3B-4ECE-AA94-1B71AA2419FA}.Individual|Mixed Platforms.Build.0 = Release|Any CPU
		{D9F61F29-FB3B-4ECE-AA94-1B71AA2419FA}.Individual|x86.ActiveCfg = Release|Any CPU
		{D9F61F29-FB3B-4ECE-AA94-1B71AA2419FA}.Realease_mit_Trace|Any CPU.ActiveCfg = Release|Any CPU
		{D9F61F29-FB3B-4ECE-AA94-1B71AA2419FA}.Realease_mit_Trace|Any CPU.Build.0 = Release|Any CPU
		{D9F61F29-FB3B-4ECE-AA94-1B71AA2419FA}.Realease_mit_Trace|Mixed Platforms.ActiveCfg = Release|Any CPU
		{D9F61F29-FB3B-4ECE-AA94-1B71AA2419FA}.Realease_mit_Trace|Mixed Platforms.Build.0 = Release|Any CPU
		{D9F61F29-FB3B-4ECE-AA94-1B71AA2419FA}.Realease_mit_Trace|x86.ActiveCfg = Release|Any CPU
		{D9F61F29-FB3B-4ECE-AA94-1B71AA2419FA}.Release|Any CPU.ActiveCfg = Release|Any CPU
		{D9F61F29-FB3B-4ECE-AA94-1B71AA2419FA}.Release|Any CPU.Build.0 = Release|Any CPU
		{D9F61F29-FB3B-4ECE-AA94-1B71AA2419FA}.Release|Mixed Platforms.ActiveCfg = Release|Any CPU
		{D9F61F29-FB3B-4ECE-AA94-1B71AA2419FA}.Release|Mixed Platforms.Build.0 = Release|Any CPU
		{D9F61F29-FB3B-4ECE-AA94-1B71AA2419FA}.Release|x86.ActiveCfg = Release|Any CPU
		{D9F61F29-FB3B-4ECE-AA94-1B71AA2419FA}.SiemensKonfig|Any CPU.ActiveCfg = Release|Any CPU
		{D9F61F29-FB3B-4ECE-AA94-1B71AA2419FA}.SiemensKonfig|Any CPU.Build.0 = Release|Any CPU
		{D9F61F29-FB3B-4ECE-AA94-1B71AA2419FA}.SiemensKonfig|Mixed Platforms.ActiveCfg = Release|Any CPU
		{D9F61F29-FB3B-4ECE-AA94-1B71AA2419FA}.SiemensKonfig|Mixed Platforms.Build.0 = Release|Any CPU
		{D9F61F29-FB3B-4ECE-AA94-1B71AA2419FA}.SiemensKonfig|x86.ActiveCfg = Release|Any CPU
		{D9F61F29-FB3B-4ECE-AA94-1B71AA2419FA}.unsere eigene konfiguration|Any CPU.ActiveCfg = Release|Any CPU
		{D9F61F29-FB3B-4ECE-AA94-1B71AA2419FA}.unsere eigene konfiguration|Any CPU.Build.0 = Release|Any CPU
		{D9F61F29-FB3B-4ECE-AA94-1B71AA2419FA}.unsere eigene konfiguration|Mixed Platforms.ActiveCfg = Release|Any CPU
		{D9F61F29-FB3B-4ECE-AA94-1B71AA2419FA}.unsere eigene konfiguration|Mixed Platforms.Build.0 = Release|Any CPU
		{D9F61F29-FB3B-4ECE-AA94-1B71AA2419FA}.unsere eigene konfiguration|x86.ActiveCfg = Release|Any CPU
		{128DF607-268B-44FC-9CB4-A294AB7FFCD2}.Debug|Any CPU.ActiveCfg = Debug|Any CPU
		{128DF607-268B-44FC-9CB4-A294AB7FFCD2}.Debug|Any CPU.Build.0 = Debug|Any CPU
		{128DF607-268B-44FC-9CB4-A294AB7FFCD2}.Debug|Mixed Platforms.ActiveCfg = Debug|Any CPU
		{128DF607-268B-44FC-9CB4-A294AB7FFCD2}.Debug|Mixed Platforms.Build.0 = Debug|Any CPU
		{128DF607-268B-44FC-9CB4-A294AB7FFCD2}.Debug|x86.ActiveCfg = Debug|Any CPU
		{128DF607-268B-44FC-9CB4-A294AB7FFCD2}.Individual|Any CPU.ActiveCfg = Release|Any CPU
		{128DF607-268B-44FC-9CB4-A294AB7FFCD2}.Individual|Any CPU.Build.0 = Release|Any CPU
		{128DF607-268B-44FC-9CB4-A294AB7FFCD2}.Individual|Mixed Platforms.ActiveCfg = Release|Any CPU
		{128DF607-268B-44FC-9CB4-A294AB7FFCD2}.Individual|Mixed Platforms.Build.0 = Release|Any CPU
		{128DF607-268B-44FC-9CB4-A294AB7FFCD2}.Individual|x86.ActiveCfg = Release|Any CPU
		{128DF607-268B-44FC-9CB4-A294AB7FFCD2}.Realease_mit_Trace|Any CPU.ActiveCfg = Release|Any CPU
		{128DF607-268B-44FC-9CB4-A294AB7FFCD2}.Realease_mit_Trace|Any CPU.Build.0 = Release|Any CPU
		{128DF607-268B-44FC-9CB4-A294AB7FFCD2}.Realease_mit_Trace|Mixed Platforms.ActiveCfg = Release|Any CPU
		{128DF607-268B-44FC-9CB4-A294AB7FFCD2}.Realease_mit_Trace|Mixed Platforms.Build.0 = Release|Any CPU
		{128DF607-268B-44FC-9CB4-A294AB7FFCD2}.Realease_mit_Trace|x86.ActiveCfg = Release|Any CPU
		{128DF607-268B-44FC-9CB4-A294AB7FFCD2}.Release|Any CPU.ActiveCfg = Release|Any CPU
		{128DF607-268B-44FC-9CB4-A294AB7FFCD2}.Release|Any CPU.Build.0 = Release|Any CPU
		{128DF607-268B-44FC-9CB4-A294AB7FFCD2}.Release|Mixed Platforms.ActiveCfg = Release|Any CPU
		{128DF607-268B-44FC-9CB4-A294AB7FFCD2}.Release|Mixed Platforms.Build.0 = Release|Any CPU
		{128DF607-268B-44FC-9CB4-A294AB7FFCD2}.Release|x86.ActiveCfg = Release|Any CPU
		{128DF607-268B-44FC-9CB4-A294AB7FFCD2}.SiemensKonfig|Any CPU.ActiveCfg = Release|Any CPU
		{128DF607-268B-44FC-9CB4-A294AB7FFCD2}.SiemensKonfig|Any CPU.Build.0 = Release|Any CPU
		{128DF607-268B-44FC-9CB4-A294AB7FFCD2}.SiemensKonfig|Mixed Platforms.ActiveCfg = Release|Any CPU
		{128DF607-268B-44FC-9CB4-A294AB7FFCD2}.SiemensKonfig|Mixed Platforms.Build.0 = Release|Any CPU
		{128DF607-268B-44FC-9CB4-A294AB7FFCD2}.SiemensKonfig|x86.ActiveCfg = Release|Any CPU
		{128DF607-268B-44FC-9CB4-A294AB7FFCD2}.unsere eigene konfiguration|Any CPU.ActiveCfg = Release|Any CPU
		{128DF607-268B-44FC-9CB4-A294AB7FFCD2}.unsere eigene konfiguration|Any CPU.Build.0 = Release|Any CPU
		{128DF607-268B-44FC-9CB4-A294AB7FFCD2}.unsere eigene konfiguration|Mixed Platforms.ActiveCfg = Release|Any CPU
		{128DF607-268B-44FC-9CB4-A294AB7FFCD2}.unsere eigene konfiguration|Mixed Platforms.Build.0 = Release|Any CPU
		{128DF607-268B-44FC-9CB4-A294AB7FFCD2}.unsere eigene konfiguration|x86.ActiveCfg = Release|Any CPU
	EndGlobalSection
	GlobalSection(SolutionProperties) = preSolution
		HideSolutionNode = FALSE
	EndGlobalSection
EndGlobal
